
Microsoft Visual Studio Solution File, Format Version 12.00
# Visual Studio Version 17
VisualStudioVersion = 17.10.34928.147
MinimumVisualStudioVersion = 10.0.40219.1

Project("{2150E333-8FDC-42A3-9474-1A3956D46DE8}") = "Section1", "Section1", "{51B9A1CB-1FB6-416F-BC00-B68E1B1F7157}"
EndProject
Project("{2150E333-8FDC-42A3-9474-1A3956D46DE8}") = "Chapter1", "Chapter1", "{4F7CE05D-B48E-4FDD-95B2-BD40B36D06C2}"
EndProject
Project("{FAE04EC0-301F-11D3-BF4B-00C04F79EFBC}") = "S1C1", "Section1\Chapter1\S1C1\S1C1.csproj", "{52185578-70AD-42AD-8BC6-0795A82BA308}"
EndProject
Project("{2150E333-8FDC-42A3-9474-1A3956D46DE8}") = "Solution Items", "Solution Items", "{60416D49-517D-436B-8B30-5ED8E04E6C08}"
	ProjectSection(SolutionItems) = preProject
		compose.yaml = compose.yaml
	EndProjectSection
EndProject
Global
	GlobalSection(SolutionConfigurationPlatforms) = preSolution
		Debug|Any CPU = Debug|Any CPU
		Release|Any CPU = Release|Any CPU
	EndGlobalSection
	GlobalSection(ProjectConfigurationPlatforms) = postSolution
		{ADE616D0-2D63-4B2F-A833-F6C6036228B9}.Debug|Any CPU.ActiveCfg = Debug|Any CPU
		{ADE616D0-2D63-4B2F-A833-F6C6036228B9}.Debug|Any CPU.Build.0 = Debug|Any CPU
		{ADE616D0-2D63-4B2F-A833-F6C6036228B9}.Release|Any CPU.ActiveCfg = Release|Any CPU
		{ADE616D0-2D63-4B2F-A833-F6C6036228B9}.Release|Any CPU.Build.0 = Release|Any CPU
		{BFAF6ED7-4505-4704-B6EB-ABF637E9AE51}.Debug|Any CPU.ActiveCfg = Debug|Any CPU
		{BFAF6ED7-4505-4704-B6EB-ABF637E9AE51}.Debug|Any CPU.Build.0 = Debug|Any CPU
		{BFAF6ED7-4505-4704-B6EB-ABF637E9AE51}.Release|Any CPU.ActiveCfg = Release|Any CPU
		{BFAF6ED7-4505-4704-B6EB-ABF637E9AE51}.Release|Any CPU.Build.0 = Release|Any CPU
		{52185578-70AD-42AD-8BC6-0795A82BA308}.Debug|Any CPU.ActiveCfg = Debug|Any CPU
		{52185578-70AD-42AD-8BC6-0795A82BA308}.Debug|Any CPU.Build.0 = Debug|Any CPU
		{52185578-70AD-42AD-8BC6-0795A82BA308}.Release|Any CPU.ActiveCfg = Release|Any CPU
		{52185578-70AD-42AD-8BC6-0795A82BA308}.Release|Any CPU.Build.0 = Release|Any CPU
	EndGlobalSection
	GlobalSection(SolutionProperties) = preSolution
		HideSolutionNode = FALSE
	EndGlobalSection
	GlobalSection(ExtensibilityGlobals) = postSolution
		SolutionGuid = {3705D576-FCB9-4A63-A688-EAFDACC06871}
	EndGlobalSection
	GlobalSection(NestedProjects) = preSolution
		{4F7CE05D-B48E-4FDD-95B2-BD40B36D06C2} = {51B9A1CB-1FB6-416F-BC00-B68E1B1F7157}
		{52185578-70AD-42AD-8BC6-0795A82BA308} = {4F7CE05D-B48E-4FDD-95B2-BD40B36D06C2}
	EndGlobalSection
EndGlobal